// !$*UTF8*$!
{
	archiveVersion = 1;
	classes = {
	};
	objectVersion = 46;
	objects = {

/* Begin PBXBuildFile section */
		51757F4D1DC4FDD1006B5502 /* main.m in Sources */ = {isa = PBXBuildFile; fileRef = 51757F4C1DC4FDD1006B5502 /* main.m */; };
		51757F501DC4FDD1006B5502 /* AppDelegate.m in Sources */ = {isa = PBXBuildFile; fileRef = 51757F4F1DC4FDD1006B5502 /* AppDelegate.m */; };
		51757F531DC4FDD1006B5502 /* ViewController.m in Sources */ = {isa = PBXBuildFile; fileRef = 51757F521DC4FDD1006B5502 /* ViewController.m */; };
		51757F561DC4FDD1006B5502 /* Main.storyboard in Resources */ = {isa = PBXBuildFile; fileRef = 51757F541DC4FDD1006B5502 /* Main.storyboard */; };
		51757F581DC4FDD1006B5502 /* Assets.xcassets in Resources */ = {isa = PBXBuildFile; fileRef = 51757F571DC4FDD1006B5502 /* Assets.xcassets */; };
		51757F5B1DC4FDD1006B5502 /* LaunchScreen.storyboard in Resources */ = {isa = PBXBuildFile; fileRef = 51757F591DC4FDD1006B5502 /* LaunchScreen.storyboard */; };
		51757F661DC4FDD2006B5502 /* FduVisionTests.m in Sources */ = {isa = PBXBuildFile; fileRef = 51757F651DC4FDD2006B5502 /* FduVisionTests.m */; };
		51757F711DC4FDD2006B5502 /* FduVisionUITests.m in Sources */ = {isa = PBXBuildFile; fileRef = 51757F701DC4FDD2006B5502 /* FduVisionUITests.m */; };
/* End PBXBuildFile section */

/* Begin PBXContainerItemProxy section */
		51757F621DC4FDD2006B5502 /* PBXContainerItemProxy */ = {
			isa = PBXContainerItemProxy;
			containerPortal = 51757F401DC4FDD1006B5502 /* Project object */;
			proxyType = 1;
			remoteGlobalIDString = 51757F471DC4FDD1006B5502;
			remoteInfo = FduVision;
		};
		51757F6D1DC4FDD2006B5502 /* PBXContainerItemProxy */ = {
			isa = PBXContainerItemProxy;
			containerPortal = 51757F401DC4FDD1006B5502 /* Project object */;
			proxyType = 1;
			remoteGlobalIDString = 51757F471DC4FDD1006B5502;
			remoteInfo = FduVision;
		};
/* End PBXContainerItemProxy section */

/* Begin PBXFileReference section */
		51757F481DC4FDD1006B5502 /* FduVision.app */ = {isa = PBXFileReference; explicitFileType = wrapper.application; includeInIndex = 0; path = FduVision.app; sourceTree = BUILT_PRODUCTS_DIR; };
		51757F4C1DC4FDD1006B5502 /* main.m */ = {isa = PBXFileReference; lastKnownFileType = sourcecode.c.objc; path = main.m; sourceTree = "<group>"; };
		51757F4E1DC4FDD1006B5502 /* AppDelegate.h */ = {isa = PBXFileReference; lastKnownFileType = sourcecode.c.h; path = AppDelegate.h; sourceTree = "<group>"; };
		51757F4F1DC4FDD1006B5502 /* AppDelegate.m */ = {isa = PBXFileReference; lastKnownFileType = sourcecode.c.objc; path = AppDelegate.m; sourceTree = "<group>"; };
		51757F511DC4FDD1006B5502 /* ViewController.h */ = {isa = PBXFileReference; lastKnownFileType = sourcecode.c.h; path = ViewController.h; sourceTree = "<group>"; };
		51757F521DC4FDD1006B5502 /* ViewController.m */ = {isa = PBXFileReference; lastKnownFileType = sourcecode.c.objc; path = ViewController.m; sourceTree = "<group>"; };
		51757F551DC4FDD1006B5502 /* Base */ = {isa = PBXFileReference; lastKnownFileType = file.storyboard; name = Base; path = Base.lproj/Main.storyboard; sourceTree = "<group>"; };
		51757F571DC4FDD1006B5502 /* Assets.xcassets */ = {isa = PBXFileReference; lastKnownFileType = folder.assetcatalog; path = Assets.xcassets; sourceTree = "<group>"; };
		51757F5A1DC4FDD1006B5502 /* Base */ = {isa = PBXFileReference; lastKnownFileType = file.storyboard; name = Base; path = Base.lproj/LaunchScreen.storyboard; sourceTree = "<group>"; };
		51757F5C1DC4FDD1006B5502 /* Info.plist */ = {isa = PBXFileReference; lastKnownFileType = text.plist.xml; path = Info.plist; sourceTree = "<group>"; };
		51757F611DC4FDD2006B5502 /* FduVisionTests.xctest */ = {isa = PBXFileReference; explicitFileType = wrapper.cfbundle; includeInIndex = 0; path = FduVisionTests.xctest; sourceTree = BUILT_PRODUCTS_DIR; };
		51757F651DC4FDD2006B5502 /* FduVisionTests.m */ = {isa = PBXFileReference; lastKnownFileType = sourcecode.c.objc; path = FduVisionTests.m; sourceTree = "<group>"; };
		51757F671DC4FDD2006B5502 /* Info.plist */ = {isa = PBXFileReference; lastKnownFileType = text.plist.xml; path = Info.plist; sourceTree = "<group>"; };
		51757F6C1DC4FDD2006B5502 /* FduVisionUITests.xctest */ = {isa = PBXFileReference; explicitFileType = wrapper.cfbundle; includeInIndex = 0; path = FduVisionUITests.xctest; sourceTree = BUILT_PRODUCTS_DIR; };
		51757F701DC4FDD2006B5502 /* FduVisionUITests.m */ = {isa = PBXFileReference; lastKnownFileType = sourcecode.c.objc; path = FduVisionUITests.m; sourceTree = "<group>"; };
		51757F721DC4FDD2006B5502 /* Info.plist */ = {isa = PBXFileReference; lastKnownFileType = text.plist.xml; path = Info.plist; sourceTree = "<group>"; };
/* End PBXFileReference section */

/* Begin PBXFrameworksBuildPhase section */
		51757F451DC4FDD1006B5502 /* Frameworks */ = {
			isa = PBXFrameworksBuildPhase;
			buildActionMask = 2147483647;
			files = (
			);
			runOnlyForDeploymentPostprocessing = 0;
		};
		51757F5E1DC4FDD2006B5502 /* Frameworks */ = {
			isa = PBXFrameworksBuildPhase;
			buildActionMask = 2147483647;
			files = (
			);
			runOnlyForDeploymentPostprocessing = 0;
		};
		51757F691DC4FDD2006B5502 /* Frameworks */ = {
			isa = PBXFrameworksBuildPhase;
			buildActionMask = 2147483647;
			files = (
			);
			runOnlyForDeploymentPostprocessing = 0;
		};
/* End PBXFrameworksBuildPhase section */

/* Begin PBXGroup section */
		51757F3F1DC4FDD1006B5502 = {
			isa = PBXGroup;
			children = (
				51757F4A1DC4FDD1006B5502 /* FduVision */,
				51757F641DC4FDD2006B5502 /* FduVisionTests */,
				51757F6F1DC4FDD2006B5502 /* FduVisionUITests */,
				51757F491DC4FDD1006B5502 /* Products */,
			);
			sourceTree = "<group>";
		};
		51757F491DC4FDD1006B5502 /* Products */ = {
			isa = PBXGroup;
			children = (
				51757F481DC4FDD1006B5502 /* FduVision.app */,
				51757F611DC4FDD2006B5502 /* FduVisionTests.xctest */,
				51757F6C1DC4FDD2006B5502 /* FduVisionUITests.xctest */,
			);
			name = Products;
			sourceTree = "<group>";
		};
		51757F4A1DC4FDD1006B5502 /* FduVision */ = {
			isa = PBXGroup;
			children = (
				51757F4E1DC4FDD1006B5502 /* AppDelegate.h */,
				51757F4F1DC4FDD1006B5502 /* AppDelegate.m */,
				51757F511DC4FDD1006B5502 /* ViewController.h */,
				51757F521DC4FDD1006B5502 /* ViewController.m */,
				51757F541DC4FDD1006B5502 /* Main.storyboard */,
				51757F571DC4FDD1006B5502 /* Assets.xcassets */,
				51757F591DC4FDD1006B5502 /* LaunchScreen.storyboard */,
				51757F5C1DC4FDD1006B5502 /* Info.plist */,
				51757F4B1DC4FDD1006B5502 /* Supporting Files */,
			);
			path = FduVision;
			sourceTree = "<group>";
		};
		51757F4B1DC4FDD1006B5502 /* Supporting Files */ = {
			isa = PBXGroup;
			children = (
				51757F4C1DC4FDD1006B5502 /* main.m */,
			);
			name = "Supporting Files";
			sourceTree = "<group>";
		};
		51757F641DC4FDD2006B5502 /* FduVisionTests */ = {
			isa = PBXGroup;
			children = (
				51757F651DC4FDD2006B5502 /* FduVisionTests.m */,
				51757F671DC4FDD2006B5502 /* Info.plist */,
			);
			path = FduVisionTests;
			sourceTree = "<group>";
		};
		51757F6F1DC4FDD2006B5502 /* FduVisionUITests */ = {
			isa = PBXGroup;
			children = (
				51757F701DC4FDD2006B5502 /* FduVisionUITests.m */,
				51757F721DC4FDD2006B5502 /* Info.plist */,
			);
			path = FduVisionUITests;
			sourceTree = "<group>";
		};
/* End PBXGroup section */

/* Begin PBXNativeTarget section */
		51757F471DC4FDD1006B5502 /* FduVision */ = {
			isa = PBXNativeTarget;
			buildConfigurationList = 51757F751DC4FDD2006B5502 /* Build configuration list for PBXNativeTarget "FduVision" */;
			buildPhases = (
				51757F441DC4FDD1006B5502 /* Sources */,
				51757F451DC4FDD1006B5502 /* Frameworks */,
				51757F461DC4FDD1006B5502 /* Resources */,
			);
			buildRules = (
			);
			dependencies = (
			);
			name = FduVision;
			productName = FduVision;
			productReference = 51757F481DC4FDD1006B5502 /* FduVision.app */;
			productType = "com.apple.product-type.application";
		};
		51757F601DC4FDD2006B5502 /* FduVisionTests */ = {
			isa = PBXNativeTarget;
			buildConfigurationList = 51757F781DC4FDD2006B5502 /* Build configuration list for PBXNativeTarget "FduVisionTests" */;
			buildPhases = (
				51757F5D1DC4FDD2006B5502 /* Sources */,
				51757F5E1DC4FDD2006B5502 /* Frameworks */,
				51757F5F1DC4FDD2006B5502 /* Resources */,
			);
			buildRules = (
			);
			dependencies = (
				51757F631DC4FDD2006B5502 /* PBXTargetDependency */,
			);
			name = FduVisionTests;
			productName = FduVisionTests;
			productReference = 51757F611DC4FDD2006B5502 /* FduVisionTests.xctest */;
			productType = "com.apple.product-type.bundle.unit-test";
		};
		51757F6B1DC4FDD2006B5502 /* FduVisionUITests */ = {
			isa = PBXNativeTarget;
			buildConfigurationList = 51757F7B1DC4FDD2006B5502 /* Build configuration list for PBXNativeTarget "FduVisionUITests" */;
			buildPhases = (
				51757F681DC4FDD2006B5502 /* Sources */,
				51757F691DC4FDD2006B5502 /* Frameworks */,
				51757F6A1DC4FDD2006B5502 /* Resources */,
			);
			buildRules = (
			);
			dependencies = (
				51757F6E1DC4FDD2006B5502 /* PBXTargetDependency */,
			);
			name = FduVisionUITests;
			productName = FduVisionUITests;
			productReference = 51757F6C1DC4FDD2006B5502 /* FduVisionUITests.xctest */;
			productType = "com.apple.product-type.bundle.ui-testing";
		};
/* End PBXNativeTarget section */

/* Begin PBXProject section */
		51757F401DC4FDD1006B5502 /* Project object */ = {
			isa = PBXProject;
			attributes = {
				LastUpgradeCheck = 0800;
				ORGANIZATIONNAME = "Kawhi Lu";
				TargetAttributes = {
					51757F471DC4FDD1006B5502 = {
						CreatedOnToolsVersion = 8.0;
						ProvisioningStyle = Automatic;
					};
					51757F601DC4FDD2006B5502 = {
						CreatedOnToolsVersion = 8.0;
						ProvisioningStyle = Automatic;
						TestTargetID = 51757F471DC4FDD1006B5502;
					};
					51757F6B1DC4FDD2006B5502 = {
						CreatedOnToolsVersion = 8.0;
						ProvisioningStyle = Automatic;
						TestTargetID = 51757F471DC4FDD1006B5502;
					};
				};
			};
			buildConfigurationList = 51757F431DC4FDD1006B5502 /* Build configuration list for PBXProject "FduVision" */;
			compatibilityVersion = "Xcode 3.2";
			developmentRegion = English;
			hasScannedForEncodings = 0;
			knownRegions = (
				en,
				Base,
			);
			mainGroup = 51757F3F1DC4FDD1006B5502;
			productRefGroup = 51757F491DC4FDD1006B5502 /* Products */;
			projectDirPath = "";
			projectRoot = "";
			targets = (
				51757F471DC4FDD1006B5502 /* FduVision */,
				51757F601DC4FDD2006B5502 /* FduVisionTests */,
				51757F6B1DC4FDD2006B5502 /* FduVisionUITests */,
			);
		};
/* End PBXProject section */

/* Begin PBXResourcesBuildPhase section */
		51757F461DC4FDD1006B5502 /* Resources */ = {
			isa = PBXResourcesBuildPhase;
			buildActionMask = 2147483647;
			files = (
				51757F5B1DC4FDD1006B5502 /* LaunchScreen.storyboard in Resources */,
				51757F581DC4FDD1006B5502 /* Assets.xcassets in Resources */,
				51757F561DC4FDD1006B5502 /* Main.storyboard in Resources */,
			);
			runOnlyForDeploymentPostprocessing = 0;
		};
		51757F5F1DC4FDD2006B5502 /* Resources */ = {
			isa = PBXResourcesBuildPhase;
			buildActionMask = 2147483647;
			files = (
			);
			runOnlyForDeploymentPostprocessing = 0;
		};
		51757F6A1DC4FDD2006B5502 /* Resources */ = {
			isa = PBXResourcesBuildPhase;
			buildActionMask = 2147483647;
			files = (
			);
			runOnlyForDeploymentPostprocessing = 0;
		};
/* End PBXResourcesBuildPhase section */

/* Begin PBXSourcesBuildPhase section */
		51757F441DC4FDD1006B5502 /* Sources */ = {
			isa = PBXSourcesBuildPhase;
			buildActionMask = 2147483647;
			files = (
				51757F531DC4FDD1006B5502 /* ViewController.m in Sources */,
				51757F501DC4FDD1006B5502 /* AppDelegate.m in Sources */,
				51757F4D1DC4FDD1006B5502 /* main.m in Sources */,
			);
			runOnlyForDeploymentPostprocessing = 0;
		};
		51757F5D1DC4FDD2006B5502 /* Sources */ = {
			isa = PBXSourcesBuildPhase;
			buildActionMask = 2147483647;
			files = (
				51757F661DC4FDD2006B5502 /* FduVisionTests.m in Sources */,
			);
			runOnlyForDeploymentPostprocessing = 0;
		};
		51757F681DC4FDD2006B5502 /* Sources */ = {
			isa = PBXSourcesBuildPhase;
			buildActionMask = 2147483647;
			files = (
				51757F711DC4FDD2006B5502 /* FduVisionUITests.m in Sources */,
			);
			runOnlyForDeploymentPostprocessing = 0;
		};
/* End PBXSourcesBuildPhase section */

/* Begin PBXTargetDependency section */
		51757F631DC4FDD2006B5502 /* PBXTargetDependency */ = {
			isa = PBXTargetDependency;
			target = 51757F471DC4FDD1006B5502 /* FduVision */;
			targetProxy = 51757F621DC4FDD2006B5502 /* PBXContainerItemProxy */;
		};
		51757F6E1DC4FDD2006B5502 /* PBXTargetDependency */ = {
			isa = PBXTargetDependency;
			target = 51757F471DC4FDD1006B5502 /* FduVision */;
			targetProxy = 51757F6D1DC4FDD2006B5502 /* PBXContainerItemProxy */;
		};
/* End PBXTargetDependency section */

/* Begin PBXVariantGroup section */
		51757F541DC4FDD1006B5502 /* Main.storyboard */ = {
			isa = PBXVariantGroup;
			children = (
				51757F551DC4FDD1006B5502 /* Base */,
			);
			name = Main.storyboard;
			sourceTree = "<group>";
		};
		51757F591DC4FDD1006B5502 /* LaunchScreen.storyboard */ = {
			isa = PBXVariantGroup;
			children = (
				51757F5A1DC4FDD1006B5502 /* Base */,
			);
			name = LaunchScreen.storyboard;
			sourceTree = "<group>";
		};
/* End PBXVariantGroup section */

/* Begin XCBuildConfiguration section */
		51757F731DC4FDD2006B5502 /* Debug */ = {
			isa = XCBuildConfiguration;
			buildSettings = {
				ALWAYS_SEARCH_USER_PATHS = NO;
				CLANG_ANALYZER_NONNULL = YES;
				CLANG_CXX_LANGUAGE_STANDARD = "gnu++0x";
				CLANG_CXX_LIBRARY = "libc++";
				CLANG_ENABLE_MODULES = YES;
				CLANG_ENABLE_OBJC_ARC = YES;
				CLANG_WARN_BOOL_CONVERSION = YES;
				CLANG_WARN_CONSTANT_CONVERSION = YES;
				CLANG_WARN_DIRECT_OBJC_ISA_USAGE = YES_ERROR;
				CLANG_WARN_DOCUMENTATION_COMMENTS = YES;
				CLANG_WARN_EMPTY_BODY = YES;
				CLANG_WARN_ENUM_CONVERSION = YES;
				CLANG_WARN_INFINITE_RECURSION = YES;
				CLANG_WARN_INT_CONVERSION = YES;
				CLANG_WARN_OBJC_ROOT_CLASS = YES_ERROR;
				CLANG_WARN_SUSPICIOUS_MOVES = YES;
				CLANG_WARN_UNREACHABLE_CODE = YES;
				CLANG_WARN__DUPLICATE_METHOD_MATCH = YES;
				"CODE_SIGN_IDENTITY[sdk=iphoneos*]" = "iPhone Developer";
				COPY_PHASE_STRIP = NO;
				DEBUG_INFORMATION_FORMAT = dwarf;
				ENABLE_STRICT_OBJC_MSGSEND = YES;
				ENABLE_TESTABILITY = YES;
				GCC_C_LANGUAGE_STANDARD = gnu99;
				GCC_DYNAMIC_NO_PIC = NO;
				GCC_NO_COMMON_BLOCKS = YES;
				GCC_OPTIMIZATION_LEVEL = 0;
				GCC_PREPROCESSOR_DEFINITIONS = (
					"DEBUG=1",
					"$(inherited)",
				);
				GCC_WARN_64_TO_32_BIT_CONVERSION = YES;
				GCC_WARN_ABOUT_RETURN_TYPE = YES_ERROR;
				GCC_WARN_UNDECLARED_SELECTOR = YES;
				GCC_WARN_UNINITIALIZED_AUTOS = YES_AGGRESSIVE;
				GCC_WARN_UNUSED_FUNCTION = YES;
				GCC_WARN_UNUSED_VARIABLE = YES;
				IPHONEOS_DEPLOYMENT_TARGET = 10.0;
				MTL_ENABLE_DEBUG_INFO = YES;
				ONLY_ACTIVE_ARCH = YES;
				SDKROOT = iphoneos;
				TARGETED_DEVICE_FAMILY = "1,2";
			};
			name = Debug;
		};
		51757F741DC4FDD2006B5502 /* Release */ = {
			isa = XCBuildConfiguration;
			buildSettings = {
				ALWAYS_SEARCH_USER_PATHS = NO;
				CLANG_ANALYZER_NONNULL = YES;
				CLANG_CXX_LANGUAGE_STANDARD = "gnu++0x";
				CLANG_CXX_LIBRARY = "libc++";
				CLANG_ENABLE_MODULES = YES;
				CLANG_ENABLE_OBJC_ARC = YES;
				CLANG_WARN_BOOL_CONVERSION = YES;
				CLANG_WARN_CONSTANT_CONVERSION = YES;
				CLANG_WARN_DIRECT_OBJC_ISA_USAGE = YES_ERROR;
				CLANG_WARN_DOCUMENTATION_COMMENTS = YES;
				CLANG_WARN_EMPTY_BODY = YES;
				CLANG_WARN_ENUM_CONVERSION = YES;
				CLANG_WARN_INFINITE_RECURSION = YES;
				CLANG_WARN_INT_CONVERSION = YES;
				CLANG_WARN_OBJC_ROOT_CLASS = YES_ERROR;
				CLANG_WARN_SUSPICIOUS_MOVES = YES;
				CLANG_WARN_UNREACHABLE_CODE = YES;
				CLANG_WARN__DUPLICATE_METHOD_MATCH = YES;
				"CODE_SIGN_IDENTITY[sdk=iphoneos*]" = "iPhone Developer";
				COPY_PHASE_STRIP = NO;
				DEBUG_INFORMATION_FORMAT = "dwarf-with-dsym";
				ENABLE_NS_ASSERTIONS = NO;
				ENABLE_STRICT_OBJC_MSGSEND = YES;
				GCC_C_LANGUAGE_STANDARD = gnu99;
				GCC_NO_COMMON_BLOCKS = YES;
				GCC_WARN_64_TO_32_BIT_CONVERSION = YES;
				GCC_WARN_ABOUT_RETURN_TYPE = YES_ERROR;
				GCC_WARN_UNDECLARED_SELECTOR = YES;
				GCC_WARN_UNINITIALIZED_AUTOS = YES_AGGRESSIVE;
				GCC_WARN_UNUSED_FUNCTION = YES;
				GCC_WARN_UNUSED_VARIABLE = YES;
				IPHONEOS_DEPLOYMENT_TARGET = 10.0;
				MTL_ENABLE_DEBUG_INFO = NO;
				SDKROOT = iphoneos;
				TARGETED_DEVICE_FAMILY = "1,2";
				VALIDATE_PRODUCT = YES;
			};
			name = Release;
		};
		51757F761DC4FDD2006B5502 /* Debug */ = {
			isa = XCBuildConfiguration;
			buildSettings = {
				ASSETCATALOG_COMPILER_APPICON_NAME = AppIcon;
				INFOPLIST_FILE = FduVision/Info.plist;
				LD_RUNPATH_SEARCH_PATHS = "$(inherited) @executable_path/Frameworks";
				PRODUCT_BUNDLE_IDENTIFIER = cn.kawhi.FduVision;
				PRODUCT_NAME = "$(TARGET_NAME)";
			};
			name = Debug;
		};
		51757F771DC4FDD2006B5502 /* Release */ = {
			isa = XCBuildConfiguration;
			buildSettings = {
				ASSETCATALOG_COMPILER_APPICON_NAME = AppIcon;
				INFOPLIST_FILE = FduVision/Info.plist;
				LD_RUNPATH_SEARCH_PATHS = "$(inherited) @executable_path/Frameworks";
				PRODUCT_BUNDLE_IDENTIFIER = cn.kawhi.FduVision;
				PRODUCT_NAME = "$(TARGET_NAME)";
			};
			name = Release;
		};
		51757F791DC4FDD2006B5502 /* Debug */ = {
			isa = XCBuildConfiguration;
			buildSettings = {
				BUNDLE_LOADER = "$(TEST_HOST)";
				INFOPLIST_FILE = FduVisionTests/Info.plist;
				LD_RUNPATH_SEARCH_PATHS = "$(inherited) @executable_path/Frameworks @loader_path/Frameworks";
				PRODUCT_BUNDLE_IDENTIFIER = cn.kawhi.FduVisionTests;
				PRODUCT_NAME = "$(TARGET_NAME)";
				TEST_HOST = "$(BUILT_PRODUCTS_DIR)/FduVision.app/FduVision";
			};
			name = Debug;
		};
		51757F7A1DC4FDD2006B5502 /* Release */ = {
			isa = XCBuildConfiguration;
			buildSettings = {
				BUNDLE_LOADER = "$(TEST_HOST)";
				INFOPLIST_FILE = FduVisionTests/Info.plist;
				LD_RUNPATH_SEARCH_PATHS = "$(inherited) @executable_path/Frameworks @loader_path/Frameworks";
				PRODUCT_BUNDLE_IDENTIFIER = cn.kawhi.FduVisionTests;
				PRODUCT_NAME = "$(TARGET_NAME)";
				TEST_HOST = "$(BUILT_PRODUCTS_DIR)/FduVision.app/FduVision";
			};
			name = Release;
		};
		51757F7C1DC4FDD2006B5502 /* Debug */ = {
			isa = XCBuildConfiguration;
			buildSettings = {
				INFOPLIST_FILE = FduVisionUITests/Info.plist;
				LD_RUNPATH_SEARCH_PATHS = "$(inherited) @executable_path/Frameworks @loader_path/Frameworks";
				PRODUCT_BUNDLE_IDENTIFIER = cn.kawhi.FduVisionUITests;
				PRODUCT_NAME = "$(TARGET_NAME)";
				TEST_TARGET_NAME = FduVision;
			};
			name = Debug;
		};
		51757F7D1DC4FDD2006B5502 /* Release */ = {
			isa = XCBuildConfiguration;
			buildSettings = {
				INFOPLIST_FILE = FduVisionUITests/Info.plist;
				LD_RUNPATH_SEARCH_PATHS = "$(inherited) @executable_path/Frameworks @loader_path/Frameworks";
				PRODUCT_BUNDLE_IDENTIFIER = cn.kawhi.FduVisionUITests;
				PRODUCT_NAME = "$(TARGET_NAME)";
				TEST_TARGET_NAME = FduVision;
			};
			name = Release;
		};
/* End XCBuildConfiguration section */

/* Begin XCConfigurationList section */
		51757F431DC4FDD1006B5502 /* Build configuration list for PBXProject "FduVision" */ = {
			isa = XCConfigurationList;
			buildConfigurations = (
				51757F731DC4FDD2006B5502 /* Debug */,
				51757F741DC4FDD2006B5502 /* Release */,
			);
			defaultConfigurationIsVisible = 0;
			defaultConfigurationName = Release;
		};
		51757F751DC4FDD2006B5502 /* Build configuration list for PBXNativeTarget "FduVision" */ = {
			isa = XCConfigurationList;
			buildConfigurations = (
				51757F761DC4FDD2006B5502 /* Debug */,
				51757F771DC4FDD2006B5502 /* Release */,
			);
			defaultConfigurationIsVisible = 0;
		};
		51757F781DC4FDD2006B5502 /* Build configuration list for PBXNativeTarget "FduVisionTests" */ = {
			isa = XCConfigurationList;
			buildConfigurations = (
				51757F791DC4FDD2006B5502 /* Debug */,
				51757F7A1DC4FDD2006B5502 /* Release */,
			);
			defaultConfigurationIsVisible = 0;
		};
		51757F7B1DC4FDD2006B5502 /* Build configuration list for PBXNativeTarget "FduVisionUITests" */ = {
			isa = XCConfigurationList;
			buildConfigurations = (
				51757F7C1DC4FDD2006B5502 /* Debug */,
				51757F7D1DC4FDD2006B5502 /* Release */,
			);
			defaultConfigurationIsVisible = 0;
		};
/* End XCConfigurationList section */
	};
	rootObject = 51757F401DC4FDD1006B5502 /* Project object */;
}
